// !$*UTF8*$!
{
	archiveVersion = 1;
	classes = {
	};
	objectVersion = 46;
	objects = {

/* Begin PBXBuildFile section */
		592D38BD1D71845400CC988D /* Assets.xcassets in Resources */ = {isa = PBXBuildFile; fileRef = 592D38BC1D71845400CC988D /* Assets.xcassets */; };
		592D38C01D71845400CC988D /* LaunchScreen.storyboard in Resources */ = {isa = PBXBuildFile; fileRef = 592D38BE1D71845400CC988D /* LaunchScreen.storyboard */; };
		592D38CB1D71845400CC988D /* TwittYTests.swift in Sources */ = {isa = PBXBuildFile; fileRef = 592D38CA1D71845400CC988D /* TwittYTests.swift */; };
		592D38E91D71876600CC988D /* AppDelegate.swift in Sources */ = {isa = PBXBuildFile; fileRef = 592D38D61D71876600CC988D /* AppDelegate.swift */; };
		592D38EE1D71880F00CC988D /* Main.storyboard in Resources */ = {isa = PBXBuildFile; fileRef = 592D38EC1D71880F00CC988D /* Main.storyboard */; };
		592D39061D71897C00CC988D /* ListViewController.swift in Sources */ = {isa = PBXBuildFile; fileRef = 592D39051D71897C00CC988D /* ListViewController.swift */; };
		592D39091D71FC0B00CC988D /* TwittYxStyleKit.swift in Sources */ = {isa = PBXBuildFile; fileRef = 592D39081D71FC0B00CC988D /* TwittYxStyleKit.swift */; };
		592D390B1D72026F00CC988D /* BaseViewController.swift in Sources */ = {isa = PBXBuildFile; fileRef = 592D390A1D72026F00CC988D /* BaseViewController.swift */; };
		592D390D1D72029400CC988D /* LoginViewController.swift in Sources */ = {isa = PBXBuildFile; fileRef = 592D390C1D72029400CC988D /* LoginViewController.swift */; };
		592D39101D72039F00CC988D /* LocalizeManager.swift in Sources */ = {isa = PBXBuildFile; fileRef = 592D390F1D72039F00CC988D /* LocalizeManager.swift */; };
		592D39121D7207AA00CC988D /* RootWireframe.swift in Sources */ = {isa = PBXBuildFile; fileRef = 592D39111D7207AA00CC988D /* RootWireframe.swift */; };
		592D39141D72087500CC988D /* AppDependencies.swift in Sources */ = {isa = PBXBuildFile; fileRef = 592D39131D72087500CC988D /* AppDependencies.swift */; };
		592D39161D7208F800CC988D /* ListWireframe.swift in Sources */ = {isa = PBXBuildFile; fileRef = 592D39151D7208F800CC988D /* ListWireframe.swift */; };
		592D39181D72098300CC988D /* ListPresenter.swift in Sources */ = {isa = PBXBuildFile; fileRef = 592D39171D72098300CC988D /* ListPresenter.swift */; };
		592D39251D720A0000CC988D /* DetailWireframe.swift in Sources */ = {isa = PBXBuildFile; fileRef = 592D39241D720A0000CC988D /* DetailWireframe.swift */; };
		592D39281D720BB800CC988D /* UIStoryboardExtension.swift in Sources */ = {isa = PBXBuildFile; fileRef = 592D39271D720BB800CC988D /* UIStoryboardExtension.swift */; };
		592D392A1D720EE700CC988D /* LoginWireframe.swift in Sources */ = {isa = PBXBuildFile; fileRef = 592D39291D720EE700CC988D /* LoginWireframe.swift */; };
		592D392C1D720F9E00CC988D /* BaseWireframe.swift in Sources */ = {isa = PBXBuildFile; fileRef = 592D392B1D720F9E00CC988D /* BaseWireframe.swift */; };
		592D392E1D7214D100CC988D /* LoginModuleInterface.swift in Sources */ = {isa = PBXBuildFile; fileRef = 592D392D1D7214D100CC988D /* LoginModuleInterface.swift */; };
		592D39301D7215C300CC988D /* LoginPresenter.swift in Sources */ = {isa = PBXBuildFile; fileRef = 592D392F1D7215C300CC988D /* LoginPresenter.swift */; };
		592D39331D72183600CC988D /* Tweet.swift in Sources */ = {isa = PBXBuildFile; fileRef = 592D39321D72183600CC988D /* Tweet.swift */; };
		592D39351D7218E400CC988D /* ListModuleInterface.swift in Sources */ = {isa = PBXBuildFile; fileRef = 592D39341D7218E400CC988D /* ListModuleInterface.swift */; };
		592D39371D72198F00CC988D /* TwitterAPIManager.swift in Sources */ = {isa = PBXBuildFile; fileRef = 592D39361D72198F00CC988D /* TwitterAPIManager.swift */; };
		592D39391D7220C500CC988D /* LoginInteractor.swift in Sources */ = {isa = PBXBuildFile; fileRef = 592D39381D7220C500CC988D /* LoginInteractor.swift */; };
		592D393C1D72BE3900CC988D /* TweetTableViewCell.swift in Sources */ = {isa = PBXBuildFile; fileRef = 592D393B1D72BE3900CC988D /* TweetTableViewCell.swift */; };
		592D39601D72E34800CC988D /* UITableViewExtension.swift in Sources */ = {isa = PBXBuildFile; fileRef = 592D395F1D72E34800CC988D /* UITableViewExtension.swift */; };
		59E86FB91D73071A006FE308 /* ListInteractor.swift in Sources */ = {isa = PBXBuildFile; fileRef = 59E86FB81D73071A006FE308 /* ListInteractor.swift */; };
		59E86FBB1D732CED006FE308 /* NSErrorExtension.swift in Sources */ = {isa = PBXBuildFile; fileRef = 59E86FBA1D732CED006FE308 /* NSErrorExtension.swift */; };
		59E86FBD1D73584F006FE308 /* User.swift in Sources */ = {isa = PBXBuildFile; fileRef = 59E86FBC1D73584F006FE308 /* User.swift */; };
		59E86FBF1D73FFF5006FE308 /* TableViewDataSourceProtocol.swift in Sources */ = {isa = PBXBuildFile; fileRef = 59E86FBE1D73FFF5006FE308 /* TableViewDataSourceProtocol.swift */; };
		59E86FC11D7402C7006FE308 /* SettingsManager.swift in Sources */ = {isa = PBXBuildFile; fileRef = 59E86FC01D7402C7006FE308 /* SettingsManager.swift */; };
		59E86FC31D7419B3006FE308 /* ListViewInterface.swift in Sources */ = {isa = PBXBuildFile; fileRef = 59E86FC21D7419B3006FE308 /* ListViewInterface.swift */; };
		59E86FC51D742300006FE308 /* AutogrowingTableViewFooterView.swift in Sources */ = {isa = PBXBuildFile; fileRef = 59E86FC41D742300006FE308 /* AutogrowingTableViewFooterView.swift */; };
		E799A9089A8690D447A79DB4 /* Pods_TwittY.framework in Frameworks */ = {isa = PBXBuildFile; fileRef = EDA6D1F8EE0FA4CF99C0972E /* Pods_TwittY.framework */; };
/* End PBXBuildFile section */

/* Begin PBXContainerItemProxy section */
		592D38C71D71845400CC988D /* PBXContainerItemProxy */ = {
			isa = PBXContainerItemProxy;
			containerPortal = 592D38AA1D71845400CC988D /* Project object */;
			proxyType = 1;
			remoteGlobalIDString = 592D38B11D71845400CC988D;
			remoteInfo = TwittY;
		};
/* End PBXContainerItemProxy section */

/* Begin PBXFileReference section */
		132D449120B58745C0520030 /* Pods-TwittY.release.xcconfig */ = {isa = PBXFileReference; includeInIndex = 1; lastKnownFileType = text.xcconfig; name = "Pods-TwittY.release.xcconfig"; path = "Pods/Target Support Files/Pods-TwittY/Pods-TwittY.release.xcconfig"; sourceTree = "<group>"; };
		592D38B21D71845400CC988D /* TwittY.app */ = {isa = PBXFileReference; explicitFileType = wrapper.application; includeInIndex = 0; path = TwittY.app; sourceTree = BUILT_PRODUCTS_DIR; };
		592D38BC1D71845400CC988D /* Assets.xcassets */ = {isa = PBXFileReference; lastKnownFileType = folder.assetcatalog; name = Assets.xcassets; path = ../Assets.xcassets; sourceTree = "<group>"; };
		592D38BF1D71845400CC988D /* Base */ = {isa = PBXFileReference; lastKnownFileType = file.storyboard; name = Base; path = Base.lproj/LaunchScreen.storyboard; sourceTree = "<group>"; };
		592D38C11D71845400CC988D /* Info.plist */ = {isa = PBXFileReference; lastKnownFileType = text.plist.xml; path = Info.plist; sourceTree = "<group>"; };
		592D38C61D71845400CC988D /* TwittYTests.xctest */ = {isa = PBXFileReference; explicitFileType = wrapper.cfbundle; includeInIndex = 0; path = TwittYTests.xctest; sourceTree = BUILT_PRODUCTS_DIR; };
		592D38CA1D71845400CC988D /* TwittYTests.swift */ = {isa = PBXFileReference; lastKnownFileType = sourcecode.swift; path = TwittYTests.swift; sourceTree = "<group>"; };
		592D38CC1D71845400CC988D /* Info.plist */ = {isa = PBXFileReference; lastKnownFileType = text.plist.xml; path = Info.plist; sourceTree = "<group>"; };
		592D38D61D71876600CC988D /* AppDelegate.swift */ = {isa = PBXFileReference; fileEncoding = 4; lastKnownFileType = sourcecode.swift; path = AppDelegate.swift; sourceTree = "<group>"; };
		592D38ED1D71880F00CC988D /* Base */ = {isa = PBXFileReference; lastKnownFileType = file.storyboard; name = Base; path = TwittY/Base.lproj/Main.storyboard; sourceTree = SOURCE_ROOT; };
		592D39051D71897C00CC988D /* ListViewController.swift */ = {isa = PBXFileReference; fileEncoding = 4; lastKnownFileType = sourcecode.swift; path = ListViewController.swift; sourceTree = "<group>"; };
		592D39081D71FC0B00CC988D /* TwittYxStyleKit.swift */ = {isa = PBXFileReference; fileEncoding = 4; lastKnownFileType = sourcecode.swift; path = TwittYxStyleKit.swift; sourceTree = "<group>"; };
		592D390A1D72026F00CC988D /* BaseViewController.swift */ = {isa = PBXFileReference; fileEncoding = 4; lastKnownFileType = sourcecode.swift; path = BaseViewController.swift; sourceTree = "<group>"; };
		592D390C1D72029400CC988D /* LoginViewController.swift */ = {isa = PBXFileReference; fileEncoding = 4; lastKnownFileType = sourcecode.swift; path = LoginViewController.swift; sourceTree = "<group>"; };
		592D390F1D72039F00CC988D /* LocalizeManager.swift */ = {isa = PBXFileReference; fileEncoding = 4; lastKnownFileType = sourcecode.swift; path = LocalizeManager.swift; sourceTree = "<group>"; };
		592D39111D7207AA00CC988D /* RootWireframe.swift */ = {isa = PBXFileReference; fileEncoding = 4; lastKnownFileType = sourcecode.swift; path = RootWireframe.swift; sourceTree = "<group>"; };
		592D39131D72087500CC988D /* AppDependencies.swift */ = {isa = PBXFileReference; fileEncoding = 4; lastKnownFileType = sourcecode.swift; path = AppDependencies.swift; sourceTree = "<group>"; };
		592D39151D7208F800CC988D /* ListWireframe.swift */ = {isa = PBXFileReference; fileEncoding = 4; lastKnownFileType = sourcecode.swift; path = ListWireframe.swift; sourceTree = "<group>"; };
		592D39171D72098300CC988D /* ListPresenter.swift */ = {isa = PBXFileReference; fileEncoding = 4; lastKnownFileType = sourcecode.swift; path = ListPresenter.swift; sourceTree = "<group>"; };
		592D39241D720A0000CC988D /* DetailWireframe.swift */ = {isa = PBXFileReference; fileEncoding = 4; lastKnownFileType = sourcecode.swift; path = DetailWireframe.swift; sourceTree = "<group>"; };
		592D39271D720BB800CC988D /* UIStoryboardExtension.swift */ = {isa = PBXFileReference; fileEncoding = 4; lastKnownFileType = sourcecode.swift; path = UIStoryboardExtension.swift; sourceTree = "<group>"; };
		592D39291D720EE700CC988D /* LoginWireframe.swift */ = {isa = PBXFileReference; fileEncoding = 4; lastKnownFileType = sourcecode.swift; path = LoginWireframe.swift; sourceTree = "<group>"; };
		592D392B1D720F9E00CC988D /* BaseWireframe.swift */ = {isa = PBXFileReference; fileEncoding = 4; lastKnownFileType = sourcecode.swift; path = BaseWireframe.swift; sourceTree = "<group>"; };
		592D392D1D7214D100CC988D /* LoginModuleInterface.swift */ = {isa = PBXFileReference; fileEncoding = 4; lastKnownFileType = sourcecode.swift; path = LoginModuleInterface.swift; sourceTree = "<group>"; };
		592D392F1D7215C300CC988D /* LoginPresenter.swift */ = {isa = PBXFileReference; fileEncoding = 4; lastKnownFileType = sourcecode.swift; path = LoginPresenter.swift; sourceTree = "<group>"; };
		592D39321D72183600CC988D /* Tweet.swift */ = {isa = PBXFileReference; fileEncoding = 4; lastKnownFileType = sourcecode.swift; path = Tweet.swift; sourceTree = "<group>"; };
		592D39341D7218E400CC988D /* ListModuleInterface.swift */ = {isa = PBXFileReference; fileEncoding = 4; lastKnownFileType = sourcecode.swift; path = ListModuleInterface.swift; sourceTree = "<group>"; };
		592D39361D72198F00CC988D /* TwitterAPIManager.swift */ = {isa = PBXFileReference; fileEncoding = 4; lastKnownFileType = sourcecode.swift; path = TwitterAPIManager.swift; sourceTree = "<group>"; };
		592D39381D7220C500CC988D /* LoginInteractor.swift */ = {isa = PBXFileReference; fileEncoding = 4; lastKnownFileType = sourcecode.swift; path = LoginInteractor.swift; sourceTree = "<group>"; };
		592D393B1D72BE3900CC988D /* TweetTableViewCell.swift */ = {isa = PBXFileReference; fileEncoding = 4; lastKnownFileType = sourcecode.swift; path = TweetTableViewCell.swift; sourceTree = "<group>"; };
		592D395F1D72E34800CC988D /* UITableViewExtension.swift */ = {isa = PBXFileReference; fileEncoding = 4; lastKnownFileType = sourcecode.swift; path = UITableViewExtension.swift; sourceTree = "<group>"; };
		59E86FB81D73071A006FE308 /* ListInteractor.swift */ = {isa = PBXFileReference; fileEncoding = 4; lastKnownFileType = sourcecode.swift; path = ListInteractor.swift; sourceTree = "<group>"; };
		59E86FBA1D732CED006FE308 /* NSErrorExtension.swift */ = {isa = PBXFileReference; fileEncoding = 4; lastKnownFileType = sourcecode.swift; path = NSErrorExtension.swift; sourceTree = "<group>"; };
		59E86FBC1D73584F006FE308 /* User.swift */ = {isa = PBXFileReference; fileEncoding = 4; lastKnownFileType = sourcecode.swift; path = User.swift; sourceTree = "<group>"; };
		59E86FBE1D73FFF5006FE308 /* TableViewDataSourceProtocol.swift */ = {isa = PBXFileReference; fileEncoding = 4; lastKnownFileType = sourcecode.swift; path = TableViewDataSourceProtocol.swift; sourceTree = "<group>"; };
		59E86FC01D7402C7006FE308 /* SettingsManager.swift */ = {isa = PBXFileReference; fileEncoding = 4; lastKnownFileType = sourcecode.swift; path = SettingsManager.swift; sourceTree = "<group>"; };
		59E86FC21D7419B3006FE308 /* ListViewInterface.swift */ = {isa = PBXFileReference; fileEncoding = 4; lastKnownFileType = sourcecode.swift; path = ListViewInterface.swift; sourceTree = "<group>"; };
		59E86FC41D742300006FE308 /* AutogrowingTableViewFooterView.swift */ = {isa = PBXFileReference; fileEncoding = 4; lastKnownFileType = sourcecode.swift; path = AutogrowingTableViewFooterView.swift; sourceTree = "<group>"; };
		C9AE75263171EEF62B712935 /* Pods-TwittY.debug.xcconfig */ = {isa = PBXFileReference; includeInIndex = 1; lastKnownFileType = text.xcconfig; name = "Pods-TwittY.debug.xcconfig"; path = "Pods/Target Support Files/Pods-TwittY/Pods-TwittY.debug.xcconfig"; sourceTree = "<group>"; };
		EDA6D1F8EE0FA4CF99C0972E /* Pods_TwittY.framework */ = {isa = PBXFileReference; explicitFileType = wrapper.framework; includeInIndex = 0; path = Pods_TwittY.framework; sourceTree = BUILT_PRODUCTS_DIR; };
/* End PBXFileReference section */

/* Begin PBXFrameworksBuildPhase section */
		592D38AF1D71845400CC988D /* Frameworks */ = {
			isa = PBXFrameworksBuildPhase;
			buildActionMask = 2147483647;
			files = (
				E799A9089A8690D447A79DB4 /* Pods_TwittY.framework in Frameworks */,
			);
			runOnlyForDeploymentPostprocessing = 0;
		};
		592D38C31D71845400CC988D /* Frameworks */ = {
			isa = PBXFrameworksBuildPhase;
			buildActionMask = 2147483647;
			files = (
			);
			runOnlyForDeploymentPostprocessing = 0;
		};
/* End PBXFrameworksBuildPhase section */

/* Begin PBXGroup section */
		4A1747490CC0D158B57C7D7E /* Pods */ = {
			isa = PBXGroup;
			children = (
				C9AE75263171EEF62B712935 /* Pods-TwittY.debug.xcconfig */,
				132D449120B58745C0520030 /* Pods-TwittY.release.xcconfig */,
			);
			name = Pods;
			sourceTree = "<group>";
		};
		592D38A91D71845400CC988D = {
			isa = PBXGroup;
			children = (
				592D38B41D71845400CC988D /* TwittY */,
				592D38C91D71845400CC988D /* TwittYTests */,
				592D38B31D71845400CC988D /* Products */,
				4A1747490CC0D158B57C7D7E /* Pods */,
				6AEFF91FEFB696E897EE4F41 /* Frameworks */,
			);
			sourceTree = "<group>";
		};
		592D38B31D71845400CC988D /* Products */ = {
			isa = PBXGroup;
			children = (
				592D38B21D71845400CC988D /* TwittY.app */,
				592D38C61D71845400CC988D /* TwittYTests.xctest */,
			);
			name = Products;
			sourceTree = "<group>";
		};
		592D38B41D71845400CC988D /* TwittY */ = {
			isa = PBXGroup;
			children = (
				592D38D51D71876600CC988D /* Classes */,
				592D38E81D71876600CC988D /* Resources */,
				592D38C11D71845400CC988D /* Info.plist */,
			);
			path = TwittY;
			sourceTree = "<group>";
		};
		592D38C91D71845400CC988D /* TwittYTests */ = {
			isa = PBXGroup;
			children = (
				592D38CA1D71845400CC988D /* TwittYTests.swift */,
				592D38CC1D71845400CC988D /* Info.plist */,
			);
			path = TwittYTests;
			sourceTree = "<group>";
		};
		592D38D51D71876600CC988D /* Classes */ = {
			isa = PBXGroup;
			children = (
				592D38D71D71876600CC988D /* Common */,
				592D38DC1D71876600CC988D /* Modules */,
				592D38D61D71876600CC988D /* AppDelegate.swift */,
				592D39131D72087500CC988D /* AppDependencies.swift */,
			);
			path = Classes;
			sourceTree = "<group>";
		};
		592D38D71D71876600CC988D /* Common */ = {
			isa = PBXGroup;
			children = (
				592D39261D720B9A00CC988D /* Extensions */,
				592D39311D72182300CC988D /* Model */,
				592D390E1D72036000CC988D /* Manager */,
				592D38D91D71876600CC988D /* Store */,
				592D38DA1D71876600CC988D /* View */,
			);
			path = Common;
			sourceTree = "<group>";
		};
		592D38D91D71876600CC988D /* Store */ = {
			isa = PBXGroup;
			children = (
			);
			path = Store;
			sourceTree = "<group>";
		};
		592D38DA1D71876600CC988D /* View */ = {
			isa = PBXGroup;
			children = (
				592D392B1D720F9E00CC988D /* BaseWireframe.swift */,
				592D39111D7207AA00CC988D /* RootWireframe.swift */,
				592D38DB1D71876600CC988D /* Custom View */,
				592D390A1D72026F00CC988D /* BaseViewController.swift */,
				59E86FBE1D73FFF5006FE308 /* TableViewDataSourceProtocol.swift */,
			);
			path = View;
			sourceTree = "<group>";
		};
		592D38DB1D71876600CC988D /* Custom View */ = {
			isa = PBXGroup;
			children = (
			);
			path = "Custom View";
			sourceTree = "<group>";
		};
		592D38DC1D71876600CC988D /* Modules */ = {
			isa = PBXGroup;
			children = (
				592D38FA1D71892B00CC988D /* Login */,
				592D38DD1D71876600CC988D /* List */,
				592D39191D7209D200CC988D /* Detail */,
			);
			path = Modules;
			sourceTree = "<group>";
		};
		592D38DD1D71876600CC988D /* List */ = {
			isa = PBXGroup;
			children = (
				592D38DE1D71876600CC988D /* Application Logic */,
				592D38E21D71876600CC988D /* Module Interface */,
				592D38E31D71876600CC988D /* User Interface */,
			);
			path = List;
			sourceTree = "<group>";
		};
		592D38DE1D71876600CC988D /* Application Logic */ = {
			isa = PBXGroup;
			children = (
				592D38DF1D71876600CC988D /* Interactor */,
				592D38E01D71876600CC988D /* Manager */,
				592D38E11D71876600CC988D /* Model */,
			);
			path = "Application Logic";
			sourceTree = "<group>";
		};
		592D38DF1D71876600CC988D /* Interactor */ = {
			isa = PBXGroup;
			children = (
				59E86FB81D73071A006FE308 /* ListInteractor.swift */,
			);
			path = Interactor;
			sourceTree = "<group>";
		};
		592D38E01D71876600CC988D /* Manager */ = {
			isa = PBXGroup;
			children = (
			);
			path = Manager;
			sourceTree = "<group>";
		};
		592D38E11D71876600CC988D /* Model */ = {
			isa = PBXGroup;
			children = (
			);
			path = Model;
			sourceTree = "<group>";
		};
		592D38E21D71876600CC988D /* Module Interface */ = {
			isa = PBXGroup;
			children = (
				592D39341D7218E400CC988D /* ListModuleInterface.swift */,
			);
			path = "Module Interface";
			sourceTree = "<group>";
		};
		592D38E31D71876600CC988D /* User Interface */ = {
			isa = PBXGroup;
			children = (
				592D38E41D71876600CC988D /* Presenter */,
				592D38E51D71876600CC988D /* Transition */,
				592D38E61D71876600CC988D /* View */,
				592D38E71D71876600CC988D /* Wireframe */,
			);
			path = "User Interface";
			sourceTree = "<group>";
		};
		592D38E41D71876600CC988D /* Presenter */ = {
			isa = PBXGroup;
			children = (
				592D39171D72098300CC988D /* ListPresenter.swift */,
			);
			path = Presenter;
			sourceTree = "<group>";
		};
		592D38E51D71876600CC988D /* Transition */ = {
			isa = PBXGroup;
			children = (
			);
			path = Transition;
			sourceTree = "<group>";
		};
		592D38E61D71876600CC988D /* View */ = {
			isa = PBXGroup;
			children = (
				592D393A1D72BE1300CC988D /* Cell */,
				592D39051D71897C00CC988D /* ListViewController.swift */,
				59E86FC21D7419B3006FE308 /* ListViewInterface.swift */,
				59E86FC41D742300006FE308 /* AutogrowingTableViewFooterView.swift */,
			);
			path = View;
			sourceTree = "<group>";
		};
		592D38E71D71876600CC988D /* Wireframe */ = {
			isa = PBXGroup;
			children = (
				592D39151D7208F800CC988D /* ListWireframe.swift */,
			);
			path = Wireframe;
			sourceTree = "<group>";
		};
		592D38E81D71876600CC988D /* Resources */ = {
			isa = PBXGroup;
			children = (
				592D39081D71FC0B00CC988D /* TwittYxStyleKit.swift */,
				592D38EC1D71880F00CC988D /* Main.storyboard */,
				592D38BE1D71845400CC988D /* LaunchScreen.storyboard */,
				592D38BC1D71845400CC988D /* Assets.xcassets */,
			);
			path = Resources;
			sourceTree = "<group>";
		};
		592D38FA1D71892B00CC988D /* Login */ = {
			isa = PBXGroup;
			children = (
				592D38FB1D71892B00CC988D /* Application Logic */,
				592D38FF1D71892B00CC988D /* Module Interface */,
				592D39001D71892B00CC988D /* User Interface */,
			);
			path = Login;
			sourceTree = "<group>";
		};
		592D38FB1D71892B00CC988D /* Application Logic */ = {
			isa = PBXGroup;
			children = (
				592D38FC1D71892B00CC988D /* Interactor */,
				592D38FD1D71892B00CC988D /* Manager */,
				592D38FE1D71892B00CC988D /* Model */,
			);
			path = "Application Logic";
			sourceTree = "<group>";
		};
		592D38FC1D71892B00CC988D /* Interactor */ = {
			isa = PBXGroup;
			children = (
				592D39381D7220C500CC988D /* LoginInteractor.swift */,
			);
			path = Interactor;
			sourceTree = "<group>";
		};
		592D38FD1D71892B00CC988D /* Manager */ = {
			isa = PBXGroup;
			children = (
			);
			path = Manager;
			sourceTree = "<group>";
		};
		592D38FE1D71892B00CC988D /* Model */ = {
			isa = PBXGroup;
			children = (
			);
			path = Model;
			sourceTree = "<group>";
		};
		592D38FF1D71892B00CC988D /* Module Interface */ = {
			isa = PBXGroup;
			children = (
				592D392D1D7214D100CC988D /* LoginModuleInterface.swift */,
			);
			path = "Module Interface";
			sourceTree = "<group>";
		};
		592D39001D71892B00CC988D /* User Interface */ = {
			isa = PBXGroup;
			children = (
				592D39011D71892B00CC988D /* Presenter */,
				592D39021D71892B00CC988D /* Transition */,
				592D39031D71892B00CC988D /* View */,
				592D39041D71892B00CC988D /* Wireframe */,
			);
			path = "User Interface";
			sourceTree = "<group>";
		};
		592D39011D71892B00CC988D /* Presenter */ = {
			isa = PBXGroup;
			children = (
				592D392F1D7215C300CC988D /* LoginPresenter.swift */,
			);
			path = Presenter;
			sourceTree = "<group>";
		};
		592D39021D71892B00CC988D /* Transition */ = {
			isa = PBXGroup;
			children = (
			);
			path = Transition;
			sourceTree = "<group>";
		};
		592D39031D71892B00CC988D /* View */ = {
			isa = PBXGroup;
			children = (
				592D390C1D72029400CC988D /* LoginViewController.swift */,
			);
			path = View;
			sourceTree = "<group>";
		};
		592D39041D71892B00CC988D /* Wireframe */ = {
			isa = PBXGroup;
			children = (
				592D39291D720EE700CC988D /* LoginWireframe.swift */,
			);
			path = Wireframe;
			sourceTree = "<group>";
		};
		592D390E1D72036000CC988D /* Manager */ = {
			isa = PBXGroup;
			children = (
				592D390F1D72039F00CC988D /* LocalizeManager.swift */,
				592D39361D72198F00CC988D /* TwitterAPIManager.swift */,
				59E86FC01D7402C7006FE308 /* SettingsManager.swift */,
			);
			path = Manager;
			sourceTree = "<group>";
		};
		592D39191D7209D200CC988D /* Detail */ = {
			isa = PBXGroup;
			children = (
				592D391A1D7209D200CC988D /* Application Logic */,
				592D391E1D7209D200CC988D /* Module Interface */,
				592D391F1D7209D200CC988D /* User Interface */,
			);
			path = Detail;
			sourceTree = "<group>";
		};
		592D391A1D7209D200CC988D /* Application Logic */ = {
			isa = PBXGroup;
			children = (
				592D391B1D7209D200CC988D /* Interactor */,
				592D391C1D7209D200CC988D /* Manager */,
				592D391D1D7209D200CC988D /* Model */,
			);
			path = "Application Logic";
			sourceTree = "<group>";
		};
		592D391B1D7209D200CC988D /* Interactor */ = {
			isa = PBXGroup;
			children = (
			);
			path = Interactor;
			sourceTree = "<group>";
		};
		592D391C1D7209D200CC988D /* Manager */ = {
			isa = PBXGroup;
			children = (
			);
			path = Manager;
			sourceTree = "<group>";
		};
		592D391D1D7209D200CC988D /* Model */ = {
			isa = PBXGroup;
			children = (
			);
			path = Model;
			sourceTree = "<group>";
		};
		592D391E1D7209D200CC988D /* Module Interface */ = {
			isa = PBXGroup;
			children = (
			);
			path = "Module Interface";
			sourceTree = "<group>";
		};
		592D391F1D7209D200CC988D /* User Interface */ = {
			isa = PBXGroup;
			children = (
				592D39201D7209D200CC988D /* Presenter */,
				592D39211D7209D200CC988D /* Transition */,
				592D39221D7209D200CC988D /* View */,
				592D39231D7209D200CC988D /* Wireframe */,
			);
			path = "User Interface";
			sourceTree = "<group>";
		};
		592D39201D7209D200CC988D /* Presenter */ = {
			isa = PBXGroup;
			children = (
			);
			path = Presenter;
			sourceTree = "<group>";
		};
		592D39211D7209D200CC988D /* Transition */ = {
			isa = PBXGroup;
			children = (
			);
			path = Transition;
			sourceTree = "<group>";
		};
		592D39221D7209D200CC988D /* View */ = {
			isa = PBXGroup;
			children = (
			);
			path = View;
			sourceTree = "<group>";
		};
		592D39231D7209D200CC988D /* Wireframe */ = {
			isa = PBXGroup;
			children = (
				592D39241D720A0000CC988D /* DetailWireframe.swift */,
			);
			path = Wireframe;
			sourceTree = "<group>";
		};
		592D39261D720B9A00CC988D /* Extensions */ = {
			isa = PBXGroup;
			children = (
				592D39271D720BB800CC988D /* UIStoryboardExtension.swift */,
				592D395F1D72E34800CC988D /* UITableViewExtension.swift */,
				59E86FBA1D732CED006FE308 /* NSErrorExtension.swift */,
			);
			path = Extensions;
			sourceTree = "<group>";
		};
		592D39311D72182300CC988D /* Model */ = {
			isa = PBXGroup;
			children = (
				592D39321D72183600CC988D /* Tweet.swift */,
				59E86FBC1D73584F006FE308 /* User.swift */,
			);
			path = Model;
			sourceTree = "<group>";
		};
		592D393A1D72BE1300CC988D /* Cell */ = {
			isa = PBXGroup;
			children = (
				592D393B1D72BE3900CC988D /* TweetTableViewCell.swift */,
			);
			name = Cell;
			sourceTree = "<group>";
		};
		6AEFF91FEFB696E897EE4F41 /* Frameworks */ = {
			isa = PBXGroup;
			children = (
				EDA6D1F8EE0FA4CF99C0972E /* Pods_TwittY.framework */,
			);
			name = Frameworks;
			sourceTree = "<group>";
		};
/* End PBXGroup section */

/* Begin PBXNativeTarget section */
		592D38B11D71845400CC988D /* TwittY */ = {
			isa = PBXNativeTarget;
			buildConfigurationList = 592D38CF1D71845400CC988D /* Build configuration list for PBXNativeTarget "TwittY" */;
			buildPhases = (
				2694E6C456046F0CCA5DB8CF /* [CP] Check Pods Manifest.lock */,
				592D38AE1D71845400CC988D /* Sources */,
				592D38AF1D71845400CC988D /* Frameworks */,
				592D38B01D71845400CC988D /* Resources */,
				9B9DDB84727773986845F24F /* [CP] Embed Pods Frameworks */,
				1F50F4B72F03407E1983545C /* [CP] Copy Pods Resources */,
				592D39071D7197D700CC988D /* ShellScript */,
			);
			buildRules = (
			);
			dependencies = (
			);
			name = TwittY;
			productName = TwittY;
			productReference = 592D38B21D71845400CC988D /* TwittY.app */;
			productType = "com.apple.product-type.application";
		};
		592D38C51D71845400CC988D /* TwittYTests */ = {
			isa = PBXNativeTarget;
			buildConfigurationList = 592D38D21D71845400CC988D /* Build configuration list for PBXNativeTarget "TwittYTests" */;
			buildPhases = (
				592D38C21D71845400CC988D /* Sources */,
				592D38C31D71845400CC988D /* Frameworks */,
				592D38C41D71845400CC988D /* Resources */,
			);
			buildRules = (
			);
			dependencies = (
				592D38C81D71845400CC988D /* PBXTargetDependency */,
			);
			name = TwittYTests;
			productName = TwittYTests;
			productReference = 592D38C61D71845400CC988D /* TwittYTests.xctest */;
			productType = "com.apple.product-type.bundle.unit-test";
		};
/* End PBXNativeTarget section */

/* Begin PBXProject section */
		592D38AA1D71845400CC988D /* Project object */ = {
			isa = PBXProject;
			attributes = {
				LastSwiftUpdateCheck = 0730;
				LastUpgradeCheck = 0730;
				ORGANIZATIONNAME = AlKol;
				TargetAttributes = {
					592D38B11D71845400CC988D = {
						CreatedOnToolsVersion = 7.3.1;
						DevelopmentTeam = KN77JJ2EVX;
					};
					592D38C51D71845400CC988D = {
						CreatedOnToolsVersion = 7.3.1;
						TestTargetID = 592D38B11D71845400CC988D;
					};
				};
			};
			buildConfigurationList = 592D38AD1D71845400CC988D /* Build configuration list for PBXProject "TwittY" */;
			compatibilityVersion = "Xcode 3.2";
			developmentRegion = English;
			hasScannedForEncodings = 0;
			knownRegions = (
				en,
				Base,
			);
			mainGroup = 592D38A91D71845400CC988D;
			productRefGroup = 592D38B31D71845400CC988D /* Products */;
			projectDirPath = "";
			projectRoot = "";
			targets = (
				592D38B11D71845400CC988D /* TwittY */,
				592D38C51D71845400CC988D /* TwittYTests */,
			);
		};
/* End PBXProject section */

/* Begin PBXResourcesBuildPhase section */
		592D38B01D71845400CC988D /* Resources */ = {
			isa = PBXResourcesBuildPhase;
			buildActionMask = 2147483647;
			files = (
				592D38EE1D71880F00CC988D /* Main.storyboard in Resources */,
				592D38C01D71845400CC988D /* LaunchScreen.storyboard in Resources */,
				592D38BD1D71845400CC988D /* Assets.xcassets in Resources */,
			);
			runOnlyForDeploymentPostprocessing = 0;
		};
		592D38C41D71845400CC988D /* Resources */ = {
			isa = PBXResourcesBuildPhase;
			buildActionMask = 2147483647;
			files = (
			);
			runOnlyForDeploymentPostprocessing = 0;
		};
/* End PBXResourcesBuildPhase section */

/* Begin PBXShellScriptBuildPhase section */
		1F50F4B72F03407E1983545C /* [CP] Copy Pods Resources */ = {
			isa = PBXShellScriptBuildPhase;
			buildActionMask = 2147483647;
			files = (
			);
			inputPaths = (
			);
			name = "[CP] Copy Pods Resources";
			outputPaths = (
			);
			runOnlyForDeploymentPostprocessing = 0;
			shellPath = /bin/sh;
			shellScript = "\"${SRCROOT}/Pods/Target Support Files/Pods-TwittY/Pods-TwittY-resources.sh\"\n";
			showEnvVarsInLog = 0;
		};
		2694E6C456046F0CCA5DB8CF /* [CP] Check Pods Manifest.lock */ = {
			isa = PBXShellScriptBuildPhase;
			buildActionMask = 2147483647;
			files = (
			);
			inputPaths = (
			);
			name = "[CP] Check Pods Manifest.lock";
			outputPaths = (
			);
			runOnlyForDeploymentPostprocessing = 0;
			shellPath = /bin/sh;
			shellScript = "diff \"${PODS_ROOT}/../Podfile.lock\" \"${PODS_ROOT}/Manifest.lock\" > /dev/null\nif [[ $? != 0 ]] ; then\n    cat << EOM\nerror: The sandbox is not in sync with the Podfile.lock. Run 'pod install' or update your CocoaPods installation.\nEOM\n    exit 1\nfi\n";
			showEnvVarsInLog = 0;
		};
		592D39071D7197D700CC988D /* ShellScript */ = {
			isa = PBXShellScriptBuildPhase;
			buildActionMask = 2147483647;
			files = (
			);
			inputPaths = (
			);
			outputPaths = (
			);
			runOnlyForDeploymentPostprocessing = 0;
			shellPath = /bin/sh;
			shellScript = "\"${PODS_ROOT}/Fabric/run\" 6d101075e27c366fa4291afcc850299e74f0fa5e f1eeb0141a8ebbcd2e5a7b92c9cf4b8853587c1b1605147ccee9cecbd5d7040b";
		};
		9B9DDB84727773986845F24F /* [CP] Embed Pods Frameworks */ = {
			isa = PBXShellScriptBuildPhase;
			buildActionMask = 2147483647;
			files = (
			);
			inputPaths = (
			);
			name = "[CP] Embed Pods Frameworks";
			outputPaths = (
			);
			runOnlyForDeploymentPostprocessing = 0;
			shellPath = /bin/sh;
			shellScript = "\"${SRCROOT}/Pods/Target Support Files/Pods-TwittY/Pods-TwittY-frameworks.sh\"\n";
			showEnvVarsInLog = 0;
		};
/* End PBXShellScriptBuildPhase section */

/* Begin PBXSourcesBuildPhase section */
		592D38AE1D71845400CC988D /* Sources */ = {
			isa = PBXSourcesBuildPhase;
			buildActionMask = 2147483647;
			files = (
				592D39301D7215C300CC988D /* LoginPresenter.swift in Sources */,
				592D39181D72098300CC988D /* ListPresenter.swift in Sources */,
				592D39141D72087500CC988D /* AppDependencies.swift in Sources */,
				59E86FBD1D73584F006FE308 /* User.swift in Sources */,
				592D39351D7218E400CC988D /* ListModuleInterface.swift in Sources */,
				592D39091D71FC0B00CC988D /* TwittYxStyleKit.swift in Sources */,
				592D39601D72E34800CC988D /* UITableViewExtension.swift in Sources */,
				59E86FC51D742300006FE308 /* AutogrowingTableViewFooterView.swift in Sources */,
				592D39161D7208F800CC988D /* ListWireframe.swift in Sources */,
				592D39331D72183600CC988D /* Tweet.swift in Sources */,
				592D390B1D72026F00CC988D /* BaseViewController.swift in Sources */,
				592D39391D7220C500CC988D /* LoginInteractor.swift in Sources */,
				592D39121D7207AA00CC988D /* RootWireframe.swift in Sources */,
				592D39061D71897C00CC988D /* ListViewController.swift in Sources */,
				592D390D1D72029400CC988D /* LoginViewController.swift in Sources */,
				592D39101D72039F00CC988D /* LocalizeManager.swift in Sources */,
				592D392E1D7214D100CC988D /* LoginModuleInterface.swift in Sources */,
				592D38E91D71876600CC988D /* AppDelegate.swift in Sources */,
				59E86FC11D7402C7006FE308 /* SettingsManager.swift in Sources */,
				592D39281D720BB800CC988D /* UIStoryboardExtension.swift in Sources */,
				59E86FBB1D732CED006FE308 /* NSErrorExtension.swift in Sources */,
				592D392C1D720F9E00CC988D /* BaseWireframe.swift in Sources */,
				59E86FBF1D73FFF5006FE308 /* TableViewDataSourceProtocol.swift in Sources */,
				59E86FC31D7419B3006FE308 /* ListViewInterface.swift in Sources */,
				592D39251D720A0000CC988D /* DetailWireframe.swift in Sources */,
				592D392A1D720EE700CC988D /* LoginWireframe.swift in Sources */,
				59E86FB91D73071A006FE308 /* ListInteractor.swift in Sources */,
				592D39371D72198F00CC988D /* TwitterAPIManager.swift in Sources */,
				592D393C1D72BE3900CC988D /* TweetTableViewCell.swift in Sources */,
			);
			runOnlyForDeploymentPostprocessing = 0;
		};
		592D38C21D71845400CC988D /* Sources */ = {
			isa = PBXSourcesBuildPhase;
			buildActionMask = 2147483647;
			files = (
				592D38CB1D71845400CC988D /* TwittYTests.swift in Sources */,
			);
			runOnlyForDeploymentPostprocessing = 0;
		};
/* End PBXSourcesBuildPhase section */

/* Begin PBXTargetDependency section */
		592D38C81D71845400CC988D /* PBXTargetDependency */ = {
			isa = PBXTargetDependency;
			target = 592D38B11D71845400CC988D /* TwittY */;
			targetProxy = 592D38C71D71845400CC988D /* PBXContainerItemProxy */;
		};
/* End PBXTargetDependency section */

/* Begin PBXVariantGroup section */
		592D38BE1D71845400CC988D /* LaunchScreen.storyboard */ = {
			isa = PBXVariantGroup;
			children = (
				592D38BF1D71845400CC988D /* Base */,
			);
			name = LaunchScreen.storyboard;
			path = ..;
			sourceTree = "<group>";
		};
		592D38EC1D71880F00CC988D /* Main.storyboard */ = {
			isa = PBXVariantGroup;
			children = (
				592D38ED1D71880F00CC988D /* Base */,
			);
			name = Main.storyboard;
			sourceTree = "<group>";
		};
/* End PBXVariantGroup section */

/* Begin XCBuildConfiguration section */
		592D38CD1D71845400CC988D /* Debug */ = {
			isa = XCBuildConfiguration;
			buildSettings = {
				ALWAYS_SEARCH_USER_PATHS = NO;
				CLANG_ANALYZER_NONNULL = YES;
				CLANG_CXX_LANGUAGE_STANDARD = "gnu++0x";
				CLANG_CXX_LIBRARY = "libc++";
				CLANG_ENABLE_MODULES = YES;
				CLANG_ENABLE_OBJC_ARC = YES;
				CLANG_WARN_BOOL_CONVERSION = YES;
				CLANG_WARN_CONSTANT_CONVERSION = YES;
				CLANG_WARN_DIRECT_OBJC_ISA_USAGE = YES_ERROR;
				CLANG_WARN_EMPTY_BODY = YES;
				CLANG_WARN_ENUM_CONVERSION = YES;
				CLANG_WARN_INT_CONVERSION = YES;
				CLANG_WARN_OBJC_ROOT_CLASS = YES_ERROR;
				CLANG_WARN_UNREACHABLE_CODE = YES;
				CLANG_WARN__DUPLICATE_METHOD_MATCH = YES;
				"CODE_SIGN_IDENTITY[sdk=iphoneos*]" = "iPhone Developer";
				COPY_PHASE_STRIP = NO;
				DEBUG_INFORMATION_FORMAT = dwarf;
				ENABLE_STRICT_OBJC_MSGSEND = YES;
				ENABLE_TESTABILITY = YES;
				GCC_C_LANGUAGE_STANDARD = gnu99;
				GCC_DYNAMIC_NO_PIC = NO;
				GCC_NO_COMMON_BLOCKS = YES;
				GCC_OPTIMIZATION_LEVEL = 0;
				GCC_PREPROCESSOR_DEFINITIONS = (
					"DEBUG=1",
					"$(inherited)",
				);
				GCC_WARN_64_TO_32_BIT_CONVERSION = YES;
				GCC_WARN_ABOUT_RETURN_TYPE = YES_ERROR;
				GCC_WARN_UNDECLARED_SELECTOR = YES;
				GCC_WARN_UNINITIALIZED_AUTOS = YES_AGGRESSIVE;
				GCC_WARN_UNUSED_FUNCTION = YES;
				GCC_WARN_UNUSED_VARIABLE = YES;
				IPHONEOS_DEPLOYMENT_TARGET = 9.3;
				MTL_ENABLE_DEBUG_INFO = YES;
				ONLY_ACTIVE_ARCH = YES;
				SDKROOT = iphoneos;
				SWIFT_OPTIMIZATION_LEVEL = "-Onone";
				TARGETED_DEVICE_FAMILY = "1,2";
			};
			name = Debug;
		};
		592D38CE1D71845400CC988D /* Release */ = {
			isa = XCBuildConfiguration;
			buildSettings = {
				ALWAYS_SEARCH_USER_PATHS = NO;
				CLANG_ANALYZER_NONNULL = YES;
				CLANG_CXX_LANGUAGE_STANDARD = "gnu++0x";
				CLANG_CXX_LIBRARY = "libc++";
				CLANG_ENABLE_MODULES = YES;
				CLANG_ENABLE_OBJC_ARC = YES;
				CLANG_WARN_BOOL_CONVERSION = YES;
				CLANG_WARN_CONSTANT_CONVERSION = YES;
				CLANG_WARN_DIRECT_OBJC_ISA_USAGE = YES_ERROR;
				CLANG_WARN_EMPTY_BODY = YES;
				CLANG_WARN_ENUM_CONVERSION = YES;
				CLANG_WARN_INT_CONVERSION = YES;
				CLANG_WARN_OBJC_ROOT_CLASS = YES_ERROR;
				CLANG_WARN_UNREACHABLE_CODE = YES;
				CLANG_WARN__DUPLICATE_METHOD_MATCH = YES;
				"CODE_SIGN_IDENTITY[sdk=iphoneos*]" = "iPhone Developer";
				COPY_PHASE_STRIP = NO;
				DEBUG_INFORMATION_FORMAT = "dwarf-with-dsym";
				ENABLE_NS_ASSERTIONS = NO;
				ENABLE_STRICT_OBJC_MSGSEND = YES;
				GCC_C_LANGUAGE_STANDARD = gnu99;
				GCC_NO_COMMON_BLOCKS = YES;
				GCC_WARN_64_TO_32_BIT_CONVERSION = YES;
				GCC_WARN_ABOUT_RETURN_TYPE = YES_ERROR;
				GCC_WARN_UNDECLARED_SELECTOR = YES;
				GCC_WARN_UNINITIALIZED_AUTOS = YES_AGGRESSIVE;
				GCC_WARN_UNUSED_FUNCTION = YES;
				GCC_WARN_UNUSED_VARIABLE = YES;
				IPHONEOS_DEPLOYMENT_TARGET = 9.3;
				MTL_ENABLE_DEBUG_INFO = NO;
				SDKROOT = iphoneos;
				TARGETED_DEVICE_FAMILY = "1,2";
				VALIDATE_PRODUCT = YES;
			};
			name = Release;
		};
		592D38D01D71845400CC988D /* Debug */ = {
			isa = XCBuildConfiguration;
			baseConfigurationReference = C9AE75263171EEF62B712935 /* Pods-TwittY.debug.xcconfig */;
			buildSettings = {
				ASSETCATALOG_COMPILER_APPICON_NAME = AppIcon;
				CODE_SIGN_IDENTITY = "iPhone Developer";
				"CODE_SIGN_IDENTITY[sdk=iphoneos*]" = "iPhone Developer";
				INFOPLIST_FILE = TwittY/Info.plist;
				IPHONEOS_DEPLOYMENT_TARGET = 8.3;
				LD_RUNPATH_SEARCH_PATHS = "$(inherited) @executable_path/Frameworks";
				PRODUCT_BUNDLE_IDENTIFIER = com.Alkol.TwittY;
				PRODUCT_NAME = "$(TARGET_NAME)";
				PROVISIONING_PROFILE = "";
				TARGETED_DEVICE_FAMILY = 1;
			};
			name = Debug;
		};
		592D38D11D71845400CC988D /* Release */ = {
			isa = XCBuildConfiguration;
			baseConfigurationReference = 132D449120B58745C0520030 /* Pods-TwittY.release.xcconfig */;
			buildSettings = {
				ASSETCATALOG_COMPILER_APPICON_NAME = AppIcon;
				CODE_SIGN_IDENTITY = "iPhone Developer";
				"CODE_SIGN_IDENTITY[sdk=iphoneos*]" = "iPhone Developer";
				INFOPLIST_FILE = TwittY/Info.plist;
				IPHONEOS_DEPLOYMENT_TARGET = 8.3;
				LD_RUNPATH_SEARCH_PATHS = "$(inherited) @executable_path/Frameworks";
				PRODUCT_BUNDLE_IDENTIFIER = com.Alkol.TwittY;
				PRODUCT_NAME = "$(TARGET_NAME)";
				PROVISIONING_PROFILE = "";
				TARGETED_DEVICE_FAMILY = 1;
			};
			name = Release;
		};
		592D38D31D71845400CC988D /* Debug */ = {
			isa = XCBuildConfiguration;
			buildSettings = {
				BUNDLE_LOADER = "$(TEST_HOST)";
				INFOPLIST_FILE = TwittYTests/Info.plist;
				LD_RUNPATH_SEARCH_PATHS = "$(inherited) @executable_path/Frameworks @loader_path/Frameworks";
				PRODUCT_BUNDLE_IDENTIFIER = com.Alkol.TwittYTests;
				PRODUCT_NAME = "$(TARGET_NAME)";
				TEST_HOST = "$(BUILT_PRODUCTS_DIR)/TwittY.app/TwittY";
			};
			name = Debug;
		};
		592D38D41D71845400CC988D /* Release */ = {
			isa = XCBuildConfiguration;
			buildSettings = {
				BUNDLE_LOADER = "$(TEST_HOST)";
				INFOPLIST_FILE = TwittYTests/Info.plist;
				LD_RUNPATH_SEARCH_PATHS = "$(inherited) @executable_path/Frameworks @loader_path/Frameworks";
				PRODUCT_BUNDLE_IDENTIFIER = com.Alkol.TwittYTests;
				PRODUCT_NAME = "$(TARGET_NAME)";
				TEST_HOST = "$(BUILT_PRODUCTS_DIR)/TwittY.app/TwittY";
			};
			name = Release;
		};
/* End XCBuildConfiguration section */

/* Begin XCConfigurationList section */
		592D38AD1D71845400CC988D /* Build configuration list for PBXProject "TwittY" */ = {
			isa = XCConfigurationList;
			buildConfigurations = (
				592D38CD1D71845400CC988D /* Debug */,
				592D38CE1D71845400CC988D /* Release */,
			);
			defaultConfigurationIsVisible = 0;
			defaultConfigurationName = Release;
		};
		592D38CF1D71845400CC988D /* Build configuration list for PBXNativeTarget "TwittY" */ = {
			isa = XCConfigurationList;
			buildConfigurations = (
				592D38D01D71845400CC988D /* Debug */,
				592D38D11D71845400CC988D /* Release */,
			);
			defaultConfigurationIsVisible = 0;
			defaultConfigurationName = Release;
		};
		592D38D21D71845400CC988D /* Build configuration list for PBXNativeTarget "TwittYTests" */ = {
			isa = XCConfigurationList;
			buildConfigurations = (
				592D38D31D71845400CC988D /* Debug */,
				592D38D41D71845400CC988D /* Release */,
			);
			defaultConfigurationIsVisible = 0;
			defaultConfigurationName = Release;
		};
/* End XCConfigurationList section */
	};
	rootObject = 592D38AA1D71845400CC988D /* Project object */;
}
